
Microsoft Visual Studio Solution File, Format Version 12.00
# Visual Studio Version 17
VisualStudioVersion = 17.1.32421.90
MinimumVisualStudioVersion = 10.0.40219.1
Project("{FAE04EC0-301F-11D3-BF4B-00C04F79EFBC}") = "ModbusGateWay", "ModbusGateWay.csproj", "{34AB8F82-B65B-46A1-A226-2BBDF1D30D51}"
EndProject
Global
	GlobalSection(SolutionConfigurationPlatforms) = preSolution
		Debug|Any CPU = Debug|Any CPU
		Release|Any CPU = Release|Any CPU
	EndGlobalSection
	GlobalSection(ProjectConfigurationPlatforms) = postSolution
		{34AB8F82-B65B-46A1-A226-2BBDF1D30D51}.Debug|Any CPU.ActiveCfg = Debug|Any CPU
		{34AB8F82-B65B-46A1-A226-2BBDF1D30D51}.Debug|Any CPU.Build.0 = Debug|Any CPU
		{34AB8F82-B65B-46A1-A226-2BBDF1D30D51}.Release|Any CPU.ActiveCfg = Release|Any CPU
		{34AB8F82-B65B-46A1-A226-2BBDF1D30D51}.Release|Any CPU.Build.0 = Release|Any CPU
	EndGlobalSection
	GlobalSection(SolutionProperties) = preSolution
		HideSolutionNode = FALSE
	EndGlobalSection
	GlobalSection(ExtensibilityGlobals) = postSolution
		SolutionGuid = {A943BF7C-2CCA-4512-94A2-F24390BE42C5}
	EndGlobalSection
EndGlobal
